
Microsoft Visual Studio Solution File, Format Version 12.00
# Visual Studio Version 16
VisualStudioVersion = 16.0.31005.135
MinimumVisualStudioVersion = 10.0.40219.1
Project("{FAE04EC0-301F-11D3-BF4B-00C04F79EFBC}") = "Laba3", "CHM03\Laba3.csproj", "{12E11C2D-3C84-49FC-9F65-570AD8D97ADC}"
EndProject
Global
	GlobalSection(SolutionConfigurationPlatforms) = preSolution
		Debug|Any CPU = Debug|Any CPU
		Release|Any CPU = Release|Any CPU
	EndGlobalSection
	GlobalSection(ProjectConfigurationPlatforms) = postSolution
		{12E11C2D-3C84-49FC-9F65-570AD8D97ADC}.Debug|Any CPU.ActiveCfg = Debug|Any CPU
		{12E11C2D-3C84-49FC-9F65-570AD8D97ADC}.Debug|Any CPU.Build.0 = Debug|Any CPU
		{12E11C2D-3C84-49FC-9F65-570AD8D97ADC}.Release|Any CPU.ActiveCfg = Release|Any CPU
		{12E11C2D-3C84-49FC-9F65-570AD8D97ADC}.Release|Any CPU.Build.0 = Release|Any CPU
	EndGlobalSection
	GlobalSection(SolutionProperties) = preSolution
		HideSolutionNode = FALSE
	EndGlobalSection
	GlobalSection(ExtensibilityGlobals) = postSolution
		SolutionGuid = {0E0F494A-7CD3-4CE4-9A72-A270184617B8}
	EndGlobalSection
EndGlobal
